
Microsoft Visual Studio Solution File, Format Version 12.00
Project("{FAE04EC0-301F-11D3-BF4B-00C04F79EFBC}") = "Automation.Api", "src\Automation.Api\Automation.Api.csproj", "{FFCD3477-C395-4107-BD6D-5636DAF637B0}"
EndProject
Project("{2150E333-8FDC-42A3-9474-1A3956D46DE8}") = "src", "src", "{827E0CD3-B72D-47B6-A68D-7590B98EB39B}"
EndProject
Project("{2150E333-8FDC-42A3-9474-1A3956D46DE8}") = "Modules", "Modules", "{EC447DCF-ABFA-6E24-52A5-D7FD48A5C558}"
EndProject
Project("{2150E333-8FDC-42A3-9474-1A3956D46DE8}") = "System", "System", "{F271B457-98F3-2FE1-5FD9-17608875B678}"
EndProject
Project("{FAE04EC0-301F-11D3-BF4B-00C04F79EFBC}") = "Automation.System", "src\Modules\System\Automation.System\Automation.System.csproj", "{04FF3B72-5401-4F56-A006-2C8ABCD6B3EF}"
EndProject
Project("{2150E333-8FDC-42A3-9474-1A3956D46DE8}") = "Identity", "Identity", "{0EC62A1A-9858-3A60-8A0C-FC9AACFA2EC7}"
EndProject
Project("{FAE04EC0-301F-11D3-BF4B-00C04F79EFBC}") = "Automation.Identity", "src\Modules\Identity\Automation.Identity\Automation.Identity.csproj", "{5A4F52BA-6099-446D-97AF-26E367006171}"
EndProject
Project("{2150E333-8FDC-42A3-9474-1A3956D46DE8}") = "Files", "Files", "{5E5414C4-745C-10B3-C49B-D38F53A77034}"
EndProject
Project("{FAE04EC0-301F-11D3-BF4B-00C04F79EFBC}") = "Automation.Files.Contracts", "src\Modules\Files\Automation.Files.Contracts\Automation.Files.Contracts.csproj", "{3E051D39-34FC-4A31-927A-AD65B36969AC}"
EndProject
Project("{2150E333-8FDC-42A3-9474-1A3956D46DE8}") = "SharedKernel", "SharedKernel", "{85F909CB-8F14-ECC8-BA9D-713D1771907F}"
EndProject
Project("{FAE04EC0-301F-11D3-BF4B-00C04F79EFBC}") = "Automation.SharedKernel", "src\SharedKernel\Automation.SharedKernel\Automation.SharedKernel.csproj", "{CB6B29EA-73BD-4746-91DA-2C509CC15623}"
EndProject
Project("{2150E333-8FDC-42A3-9474-1A3956D46DE8}") = "Notifications", "Notifications", "{DE9DAF8A-E684-0FD3-FFDC-40D3E3158533}"
EndProject
Project("{FAE04EC0-301F-11D3-BF4B-00C04F79EFBC}") = "Automation.Notifications.Contracts", "src\Modules\Notifications\Automation.Notifications.Contracts\Automation.Notifications.Contracts.csproj", "{6D3AAD63-6CCD-4F5A-BD42-104AD7FABC5E}"
EndProject
Project("{FAE04EC0-301F-11D3-BF4B-00C04F79EFBC}") = "Automation.System.Contracts", "src\Modules\System\Automation.System.Contracts\Automation.System.Contracts.csproj", "{FCB9FF62-02B4-4A74-981C-947F4706B4E4}"
EndProject
Project("{2150E333-8FDC-42A3-9474-1A3956D46DE8}") = "DynamicForms", "DynamicForms", "{0A1E355E-8DE1-55AE-0C5D-3DFF356D87F7}"
EndProject
Project("{FAE04EC0-301F-11D3-BF4B-00C04F79EFBC}") = "Automation.DynamicForms.Contracts", "src\Modules\DynamicForms\Automation.DynamicForms.Contracts\Automation.DynamicForms.Contracts.csproj", "{D606FE58-4330-4446-A6D6-DC4F76E7E145}"
EndProject
Project("{2150E333-8FDC-42A3-9474-1A3956D46DE8}") = "Platform", "Platform", "{9A7A7B35-1930-94AB-6B80-4A89F89E5FE9}"
EndProject
Project("{FAE04EC0-301F-11D3-BF4B-00C04F79EFBC}") = "Automation.Platform.Contracts", "src\Modules\Platform\Automation.Platform.Contracts\Automation.Platform.Contracts.csproj", "{CDE27BFB-47A3-4288-833C-C39027F215D4}"
EndProject
Project("{2150E333-8FDC-42A3-9474-1A3956D46DE8}") = "Runner", "Runner", "{49ED1F4F-4257-7E82-63BF-E43B0BA50696}"
EndProject
Project("{FAE04EC0-301F-11D3-BF4B-00C04F79EFBC}") = "Automation.Runner.Contracts", "src\Modules\Runner\Automation.Runner.Contracts\Automation.Runner.Contracts.csproj", "{8B5F58E6-7A88-4C72-A992-1B1C0B2F2774}"
EndProject
Project("{2150E333-8FDC-42A3-9474-1A3956D46DE8}") = "Tag", "Tag", "{7D3A1B2C-4E5F-6A7B-8C9D-0E1F2A3B4C5D}"
EndProject
Project("{FAE04EC0-301F-11D3-BF4B-00C04F79EFBC}") = "Automation.Tag", "src\Modules\Tag\Automation.Tag\Automation.Tag.csproj", "{C121CD72-79C4-476B-8E13-F5DB5F1EBCD3}"
EndProject
Project("{FAE04EC0-301F-11D3-BF4B-00C04F79EFBC}") = "Automation.Tag.Contracts", "src\Modules\Tag\Automation.Tag.Contracts\Automation.Tag.Contracts.csproj", "{ED885574-B882-41FF-8B07-6E1E691AB988}"
EndProject
Project("{2150E333-8FDC-42A3-9474-1A3956D46DE8}") = "tests", "tests", "{0AB3BF05-4346-4AA6-1389-037BE0695223}"
EndProject
Project("{FAE04EC0-301F-11D3-BF4B-00C04F79EFBC}") = "Automation.Pipeline.Tests", "tests\Automation.Pipeline.Tests\Automation.Pipeline.Tests.csproj", "{EE9E95DA-9720-46E0-A943-5CC365714625}"
EndProject
Project("{2150E333-8FDC-42A3-9474-1A3956D46DE8}") = "Pipeline", "Pipeline", "{80D0C150-13D7-E2FF-A67E-20E72DA0542D}"
EndProject
Project("{FAE04EC0-301F-11D3-BF4B-00C04F79EFBC}") = "Automation.Pipeline", "src\Modules\Pipeline\Automation.Pipeline\Automation.Pipeline.csproj", "{6B9AF79C-EC76-444B-AA52-0F0FE5F461DA}"
EndProject
Project("{2150E333-8FDC-42A3-9474-1A3956D46DE8}") = "Workspace", "Workspace", "{60E86E71-C0FB-EB8C-7761-71EDD8B40B3C}"
EndProject
Project("{FAE04EC0-301F-11D3-BF4B-00C04F79EFBC}") = "Automation.Workspace.Contracts", "src\Modules\Workspace\Automation.Workspace.Contracts\Automation.Workspace.Contracts.csproj", "{043211F7-C5AC-4A2D-B947-0BAB1C83186B}"
EndProject
Project("{2150E333-8FDC-42A3-9474-1A3956D46DE8}") = "Content", "Content", "{D2F8383C-F49B-E551-32D9-8814458A6CFF}"
EndProject
Project("{FAE04EC0-301F-11D3-BF4B-00C04F79EFBC}") = "Automation.Content.Contracts", "src\Modules\Content\Automation.Content.Contracts\Automation.Content.Contracts.csproj", "{477E1132-6D95-4520-A7C1-ADD68319608B}"
EndProject
Project("{FAE04EC0-301F-11D3-BF4B-00C04F79EFBC}") = "Automation.DynamicForms.Tests", "tests\Automation.DynamicForms.Tests\Automation.DynamicForms.Tests.csproj", "{FD4AE777-176B-447D-9E5D-3F585150600A}"
EndProject
Project("{FAE04EC0-301F-11D3-BF4B-00C04F79EFBC}") = "Automation.DynamicForms", "src\Modules\DynamicForms\Automation.DynamicForms\Automation.DynamicForms.csproj", "{50D2249F-0E4B-4E92-B100-243D654FED88}"
EndProject
Project("{2150E333-8FDC-42A3-9474-1A3956D46DE8}") = "Modules", "Modules", "{CA253913-39DE-BFD0-C9A3-4B7EC6FBDF17}"
EndProject
Project("{2150E333-8FDC-42A3-9474-1A3956D46DE8}") = "Studio", "Studio", "{BD6C7A98-9A45-3243-5CDB-BFD3A8B8727D}"
EndProject
Project("{FAE04EC0-301F-11D3-BF4B-00C04F79EFBC}") = "Automation.Studio.Contracts", "src\Modules\Studio\Automation.Studio.Contracts\Automation.Studio.Contracts.csproj", "{521585B5-AE82-4646-8F08-E7A86890891E}"
EndProject
Project("{FAE04EC0-301F-11D3-BF4B-00C04F79EFBC}") = "Automation.Studio", "src\Modules\Studio\Automation.Studio\Automation.Studio.csproj", "{4F3F78BA-D8C5-4D9B-A665-400D2D15D948}"
EndProject
Global
	GlobalSection(SolutionConfigurationPlatforms) = preSolution
		Debug|Any CPU = Debug|Any CPU
		Debug|x64 = Debug|x64
		Debug|x86 = Debug|x86
		Release|Any CPU = Release|Any CPU
		Release|x64 = Release|x64
		Release|x86 = Release|x86
	EndGlobalSection
	GlobalSection(ProjectConfigurationPlatforms) = postSolution
		{FFCD3477-C395-4107-BD6D-5636DAF637B0}.Debug|Any CPU.ActiveCfg = Debug|Any CPU
		{FFCD3477-C395-4107-BD6D-5636DAF637B0}.Debug|Any CPU.Build.0 = Debug|Any CPU
		{FFCD3477-C395-4107-BD6D-5636DAF637B0}.Debug|x64.ActiveCfg = Debug|Any CPU
		{FFCD3477-C395-4107-BD6D-5636DAF637B0}.Debug|x64.Build.0 = Debug|Any CPU
		{FFCD3477-C395-4107-BD6D-5636DAF637B0}.Debug|x86.ActiveCfg = Debug|Any CPU
		{FFCD3477-C395-4107-BD6D-5636DAF637B0}.Debug|x86.Build.0 = Debug|Any CPU
		{FFCD3477-C395-4107-BD6D-5636DAF637B0}.Release|Any CPU.ActiveCfg = Release|Any CPU
		{FFCD3477-C395-4107-BD6D-5636DAF637B0}.Release|Any CPU.Build.0 = Release|Any CPU
		{FFCD3477-C395-4107-BD6D-5636DAF637B0}.Release|x64.ActiveCfg = Release|Any CPU
		{FFCD3477-C395-4107-BD6D-5636DAF637B0}.Release|x64.Build.0 = Release|Any CPU
		{FFCD3477-C395-4107-BD6D-5636DAF637B0}.Release|x86.ActiveCfg = Release|Any CPU
		{FFCD3477-C395-4107-BD6D-5636DAF637B0}.Release|x86.Build.0 = Release|Any CPU
		{04FF3B72-5401-4F56-A006-2C8ABCD6B3EF}.Debug|Any CPU.ActiveCfg = Debug|Any CPU
		{04FF3B72-5401-4F56-A006-2C8ABCD6B3EF}.Debug|Any CPU.Build.0 = Debug|Any CPU
		{04FF3B72-5401-4F56-A006-2C8ABCD6B3EF}.Debug|x64.ActiveCfg = Debug|Any CPU
		{04FF3B72-5401-4F56-A006-2C8ABCD6B3EF}.Debug|x64.Build.0 = Debug|Any CPU
		{04FF3B72-5401-4F56-A006-2C8ABCD6B3EF}.Debug|x86.ActiveCfg = Debug|Any CPU
		{04FF3B72-5401-4F56-A006-2C8ABCD6B3EF}.Debug|x86.Build.0 = Debug|Any CPU
		{04FF3B72-5401-4F56-A006-2C8ABCD6B3EF}.Release|Any CPU.ActiveCfg = Release|Any CPU
		{04FF3B72-5401-4F56-A006-2C8ABCD6B3EF}.Release|Any CPU.Build.0 = Release|Any CPU
		{04FF3B72-5401-4F56-A006-2C8ABCD6B3EF}.Release|x64.ActiveCfg = Release|Any CPU
		{04FF3B72-5401-4F56-A006-2C8ABCD6B3EF}.Release|x64.Build.0 = Release|Any CPU
		{04FF3B72-5401-4F56-A006-2C8ABCD6B3EF}.Release|x86.ActiveCfg = Release|Any CPU
		{04FF3B72-5401-4F56-A006-2C8ABCD6B3EF}.Release|x86.Build.0 = Release|Any CPU
		{5A4F52BA-6099-446D-97AF-26E367006171}.Debug|Any CPU.ActiveCfg = Debug|Any CPU
		{5A4F52BA-6099-446D-97AF-26E367006171}.Debug|Any CPU.Build.0 = Debug|Any CPU
		{5A4F52BA-6099-446D-97AF-26E367006171}.Debug|x64.ActiveCfg = Debug|Any CPU
		{5A4F52BA-6099-446D-97AF-26E367006171}.Debug|x64.Build.0 = Debug|Any CPU
		{5A4F52BA-6099-446D-97AF-26E367006171}.Debug|x86.ActiveCfg = Debug|Any CPU
		{5A4F52BA-6099-446D-97AF-26E367006171}.Debug|x86.Build.0 = Debug|Any CPU
		{5A4F52BA-6099-446D-97AF-26E367006171}.Release|Any CPU.ActiveCfg = Release|Any CPU
		{5A4F52BA-6099-446D-97AF-26E367006171}.Release|Any CPU.Build.0 = Release|Any CPU
		{5A4F52BA-6099-446D-97AF-26E367006171}.Release|x64.ActiveCfg = Release|Any CPU
		{5A4F52BA-6099-446D-97AF-26E367006171}.Release|x64.Build.0 = Release|Any CPU
		{5A4F52BA-6099-446D-97AF-26E367006171}.Release|x86.ActiveCfg = Release|Any CPU
		{5A4F52BA-6099-446D-97AF-26E367006171}.Release|x86.Build.0 = Release|Any CPU
		{3E051D39-34FC-4A31-927A-AD65B36969AC}.Debug|Any CPU.ActiveCfg = Debug|Any CPU
		{3E051D39-34FC-4A31-927A-AD65B36969AC}.Debug|Any CPU.Build.0 = Debug|Any CPU
		{3E051D39-34FC-4A31-927A-AD65B36969AC}.Debug|x64.ActiveCfg = Debug|Any CPU
		{3E051D39-34FC-4A31-927A-AD65B36969AC}.Debug|x64.Build.0 = Debug|Any CPU
		{3E051D39-34FC-4A31-927A-AD65B36969AC}.Debug|x86.ActiveCfg = Debug|Any CPU
		{3E051D39-34FC-4A31-927A-AD65B36969AC}.Debug|x86.Build.0 = Debug|Any CPU
		{3E051D39-34FC-4A31-927A-AD65B36969AC}.Release|Any CPU.ActiveCfg = Release|Any CPU
		{3E051D39-34FC-4A31-927A-AD65B36969AC}.Release|Any CPU.Build.0 = Release|Any CPU
		{3E051D39-34FC-4A31-927A-AD65B36969AC}.Release|x64.ActiveCfg = Release|Any CPU
		{3E051D39-34FC-4A31-927A-AD65B36969AC}.Release|x64.Build.0 = Release|Any CPU
		{3E051D39-34FC-4A31-927A-AD65B36969AC}.Release|x86.ActiveCfg = Release|Any CPU
		{3E051D39-34FC-4A31-927A-AD65B36969AC}.Release|x86.Build.0 = Release|Any CPU
		{CB6B29EA-73BD-4746-91DA-2C509CC15623}.Debug|Any CPU.ActiveCfg = Debug|Any CPU
		{CB6B29EA-73BD-4746-91DA-2C509CC15623}.Debug|Any CPU.Build.0 = Debug|Any CPU
		{CB6B29EA-73BD-4746-91DA-2C509CC15623}.Debug|x64.ActiveCfg = Debug|Any CPU
		{CB6B29EA-73BD-4746-91DA-2C509CC15623}.Debug|x64.Build.0 = Debug|Any CPU
		{CB6B29EA-73BD-4746-91DA-2C509CC15623}.Debug|x86.ActiveCfg = Debug|Any CPU
		{CB6B29EA-73BD-4746-91DA-2C509CC15623}.Debug|x86.Build.0 = Debug|Any CPU
		{CB6B29EA-73BD-4746-91DA-2C509CC15623}.Release|Any CPU.ActiveCfg = Release|Any CPU
		{CB6B29EA-73BD-4746-91DA-2C509CC15623}.Release|Any CPU.Build.0 = Release|Any CPU
		{CB6B29EA-73BD-4746-91DA-2C509CC15623}.Release|x64.ActiveCfg = Release|Any CPU
		{CB6B29EA-73BD-4746-91DA-2C509CC15623}.Release|x64.Build.0 = Release|Any CPU
		{CB6B29EA-73BD-4746-91DA-2C509CC15623}.Release|x86.ActiveCfg = Release|Any CPU
		{CB6B29EA-73BD-4746-91DA-2C509CC15623}.Release|x86.Build.0 = Release|Any CPU
		{6D3AAD63-6CCD-4F5A-BD42-104AD7FABC5E}.Debug|Any CPU.ActiveCfg = Debug|Any CPU
		{6D3AAD63-6CCD-4F5A-BD42-104AD7FABC5E}.Debug|Any CPU.Build.0 = Debug|Any CPU
		{6D3AAD63-6CCD-4F5A-BD42-104AD7FABC5E}.Debug|x64.ActiveCfg = Debug|Any CPU
		{6D3AAD63-6CCD-4F5A-BD42-104AD7FABC5E}.Debug|x64.Build.0 = Debug|Any CPU
		{6D3AAD63-6CCD-4F5A-BD42-104AD7FABC5E}.Debug|x86.ActiveCfg = Debug|Any CPU
		{6D3AAD63-6CCD-4F5A-BD42-104AD7FABC5E}.Debug|x86.Build.0 = Debug|Any CPU
		{6D3AAD63-6CCD-4F5A-BD42-104AD7FABC5E}.Release|Any CPU.ActiveCfg = Release|Any CPU
		{6D3AAD63-6CCD-4F5A-BD42-104AD7FABC5E}.Release|Any CPU.Build.0 = Release|Any CPU
		{6D3AAD63-6CCD-4F5A-BD42-104AD7FABC5E}.Release|x64.ActiveCfg = Release|Any CPU
		{6D3AAD63-6CCD-4F5A-BD42-104AD7FABC5E}.Release|x64.Build.0 = Release|Any CPU
		{6D3AAD63-6CCD-4F5A-BD42-104AD7FABC5E}.Release|x86.ActiveCfg = Release|Any CPU
		{6D3AAD63-6CCD-4F5A-BD42-104AD7FABC5E}.Release|x86.Build.0 = Release|Any CPU
		{FCB9FF62-02B4-4A74-981C-947F4706B4E4}.Debug|Any CPU.ActiveCfg = Debug|Any CPU
		{FCB9FF62-02B4-4A74-981C-947F4706B4E4}.Debug|Any CPU.Build.0 = Debug|Any CPU
		{FCB9FF62-02B4-4A74-981C-947F4706B4E4}.Debug|x64.ActiveCfg = Debug|Any CPU
		{FCB9FF62-02B4-4A74-981C-947F4706B4E4}.Debug|x64.Build.0 = Debug|Any CPU
		{FCB9FF62-02B4-4A74-981C-947F4706B4E4}.Debug|x86.ActiveCfg = Debug|Any CPU
		{FCB9FF62-02B4-4A74-981C-947F4706B4E4}.Debug|x86.Build.0 = Debug|Any CPU
		{FCB9FF62-02B4-4A74-981C-947F4706B4E4}.Release|Any CPU.ActiveCfg = Release|Any CPU
		{FCB9FF62-02B4-4A74-981C-947F4706B4E4}.Release|Any CPU.Build.0 = Release|Any CPU
		{FCB9FF62-02B4-4A74-981C-947F4706B4E4}.Release|x64.ActiveCfg = Release|Any CPU
		{FCB9FF62-02B4-4A74-981C-947F4706B4E4}.Release|x64.Build.0 = Release|Any CPU
		{FCB9FF62-02B4-4A74-981C-947F4706B4E4}.Release|x86.ActiveCfg = Release|Any CPU
		{FCB9FF62-02B4-4A74-981C-947F4706B4E4}.Release|x86.Build.0 = Release|Any CPU
		{D606FE58-4330-4446-A6D6-DC4F76E7E145}.Debug|Any CPU.ActiveCfg = Debug|Any CPU
		{D606FE58-4330-4446-A6D6-DC4F76E7E145}.Debug|Any CPU.Build.0 = Debug|Any CPU
		{D606FE58-4330-4446-A6D6-DC4F76E7E145}.Debug|x64.ActiveCfg = Debug|Any CPU
		{D606FE58-4330-4446-A6D6-DC4F76E7E145}.Debug|x64.Build.0 = Debug|Any CPU
		{D606FE58-4330-4446-A6D6-DC4F76E7E145}.Debug|x86.ActiveCfg = Debug|Any CPU
		{D606FE58-4330-4446-A6D6-DC4F76E7E145}.Debug|x86.Build.0 = Debug|Any CPU
		{D606FE58-4330-4446-A6D6-DC4F76E7E145}.Release|Any CPU.ActiveCfg = Release|Any CPU
		{D606FE58-4330-4446-A6D6-DC4F76E7E145}.Release|Any CPU.Build.0 = Release|Any CPU
		{D606FE58-4330-4446-A6D6-DC4F76E7E145}.Release|x64.ActiveCfg = Release|Any CPU
		{D606FE58-4330-4446-A6D6-DC4F76E7E145}.Release|x64.Build.0 = Release|Any CPU
		{D606FE58-4330-4446-A6D6-DC4F76E7E145}.Release|x86.ActiveCfg = Release|Any CPU
		{D606FE58-4330-4446-A6D6-DC4F76E7E145}.Release|x86.Build.0 = Release|Any CPU
		{CDE27BFB-47A3-4288-833C-C39027F215D4}.Debug|Any CPU.ActiveCfg = Debug|Any CPU
		{CDE27BFB-47A3-4288-833C-C39027F215D4}.Debug|Any CPU.Build.0 = Debug|Any CPU
		{CDE27BFB-47A3-4288-833C-C39027F215D4}.Debug|x64.ActiveCfg = Debug|Any CPU
		{CDE27BFB-47A3-4288-833C-C39027F215D4}.Debug|x64.Build.0 = Debug|Any CPU
		{CDE27BFB-47A3-4288-833C-C39027F215D4}.Debug|x86.ActiveCfg = Debug|Any CPU
		{CDE27BFB-47A3-4288-833C-C39027F215D4}.Debug|x86.Build.0 = Debug|Any CPU
		{CDE27BFB-47A3-4288-833C-C39027F215D4}.Release|Any CPU.ActiveCfg = Release|Any CPU
		{CDE27BFB-47A3-4288-833C-C39027F215D4}.Release|Any CPU.Build.0 = Release|Any CPU
		{CDE27BFB-47A3-4288-833C-C39027F215D4}.Release|x64.ActiveCfg = Release|Any CPU
		{CDE27BFB-47A3-4288-833C-C39027F215D4}.Release|x64.Build.0 = Release|Any CPU
		{CDE27BFB-47A3-4288-833C-C39027F215D4}.Release|x86.ActiveCfg = Release|Any CPU
		{CDE27BFB-47A3-4288-833C-C39027F215D4}.Release|x86.Build.0 = Release|Any CPU
		{8B5F58E6-7A88-4C72-A992-1B1C0B2F2774}.Debug|Any CPU.ActiveCfg = Debug|Any CPU
		{8B5F58E6-7A88-4C72-A992-1B1C0B2F2774}.Debug|Any CPU.Build.0 = Debug|Any CPU
		{8B5F58E6-7A88-4C72-A992-1B1C0B2F2774}.Debug|x64.ActiveCfg = Debug|Any CPU
		{8B5F58E6-7A88-4C72-A992-1B1C0B2F2774}.Debug|x64.Build.0 = Debug|Any CPU
		{8B5F58E6-7A88-4C72-A992-1B1C0B2F2774}.Debug|x86.ActiveCfg = Debug|Any CPU
		{8B5F58E6-7A88-4C72-A992-1B1C0B2F2774}.Debug|x86.Build.0 = Debug|Any CPU
		{8B5F58E6-7A88-4C72-A992-1B1C0B2F2774}.Release|Any CPU.ActiveCfg = Release|Any CPU
		{8B5F58E6-7A88-4C72-A992-1B1C0B2F2774}.Release|Any CPU.Build.0 = Release|Any CPU
		{8B5F58E6-7A88-4C72-A992-1B1C0B2F2774}.Release|x64.ActiveCfg = Release|Any CPU
		{8B5F58E6-7A88-4C72-A992-1B1C0B2F2774}.Release|x64.Build.0 = Release|Any CPU
		{8B5F58E6-7A88-4C72-A992-1B1C0B2F2774}.Release|x86.ActiveCfg = Release|Any CPU
		{8B5F58E6-7A88-4C72-A992-1B1C0B2F2774}.Release|x86.Build.0 = Release|Any CPU
		{EE9E95DA-9720-46E0-A943-5CC365714625}.Debug|Any CPU.ActiveCfg = Debug|Any CPU
		{EE9E95DA-9720-46E0-A943-5CC365714625}.Debug|Any CPU.Build.0 = Debug|Any CPU
		{EE9E95DA-9720-46E0-A943-5CC365714625}.Debug|x64.ActiveCfg = Debug|Any CPU
		{EE9E95DA-9720-46E0-A943-5CC365714625}.Debug|x64.Build.0 = Debug|Any CPU
		{EE9E95DA-9720-46E0-A943-5CC365714625}.Debug|x86.ActiveCfg = Debug|Any CPU
		{EE9E95DA-9720-46E0-A943-5CC365714625}.Debug|x86.Build.0 = Debug|Any CPU
		{EE9E95DA-9720-46E0-A943-5CC365714625}.Release|Any CPU.ActiveCfg = Release|Any CPU
		{EE9E95DA-9720-46E0-A943-5CC365714625}.Release|Any CPU.Build.0 = Release|Any CPU
		{EE9E95DA-9720-46E0-A943-5CC365714625}.Release|x64.ActiveCfg = Release|Any CPU
		{EE9E95DA-9720-46E0-A943-5CC365714625}.Release|x64.Build.0 = Release|Any CPU
		{EE9E95DA-9720-46E0-A943-5CC365714625}.Release|x86.ActiveCfg = Release|Any CPU
		{EE9E95DA-9720-46E0-A943-5CC365714625}.Release|x86.Build.0 = Release|Any CPU
		{6B9AF79C-EC76-444B-AA52-0F0FE5F461DA}.Debug|Any CPU.ActiveCfg = Debug|Any CPU
		{6B9AF79C-EC76-444B-AA52-0F0FE5F461DA}.Debug|Any CPU.Build.0 = Debug|Any CPU
		{6B9AF79C-EC76-444B-AA52-0F0FE5F461DA}.Debug|x64.ActiveCfg = Debug|Any CPU
		{6B9AF79C-EC76-444B-AA52-0F0FE5F461DA}.Debug|x64.Build.0 = Debug|Any CPU
		{6B9AF79C-EC76-444B-AA52-0F0FE5F461DA}.Debug|x86.ActiveCfg = Debug|Any CPU
		{6B9AF79C-EC76-444B-AA52-0F0FE5F461DA}.Debug|x86.Build.0 = Debug|Any CPU
		{6B9AF79C-EC76-444B-AA52-0F0FE5F461DA}.Release|Any CPU.ActiveCfg = Release|Any CPU
		{6B9AF79C-EC76-444B-AA52-0F0FE5F461DA}.Release|Any CPU.Build.0 = Release|Any CPU
		{6B9AF79C-EC76-444B-AA52-0F0FE5F461DA}.Release|x64.ActiveCfg = Release|Any CPU
		{6B9AF79C-EC76-444B-AA52-0F0FE5F461DA}.Release|x64.Build.0 = Release|Any CPU
		{6B9AF79C-EC76-444B-AA52-0F0FE5F461DA}.Release|x86.ActiveCfg = Release|Any CPU
		{6B9AF79C-EC76-444B-AA52-0F0FE5F461DA}.Release|x86.Build.0 = Release|Any CPU
		{043211F7-C5AC-4A2D-B947-0BAB1C83186B}.Debug|Any CPU.ActiveCfg = Debug|Any CPU
		{043211F7-C5AC-4A2D-B947-0BAB1C83186B}.Debug|Any CPU.Build.0 = Debug|Any CPU
		{043211F7-C5AC-4A2D-B947-0BAB1C83186B}.Debug|x64.ActiveCfg = Debug|Any CPU
		{043211F7-C5AC-4A2D-B947-0BAB1C83186B}.Debug|x64.Build.0 = Debug|Any CPU
		{043211F7-C5AC-4A2D-B947-0BAB1C83186B}.Debug|x86.ActiveCfg = Debug|Any CPU
		{043211F7-C5AC-4A2D-B947-0BAB1C83186B}.Debug|x86.Build.0 = Debug|Any CPU
		{043211F7-C5AC-4A2D-B947-0BAB1C83186B}.Release|Any CPU.ActiveCfg = Release|Any CPU
		{043211F7-C5AC-4A2D-B947-0BAB1C83186B}.Release|Any CPU.Build.0 = Release|Any CPU
		{043211F7-C5AC-4A2D-B947-0BAB1C83186B}.Release|x64.ActiveCfg = Release|Any CPU
		{043211F7-C5AC-4A2D-B947-0BAB1C83186B}.Release|x64.Build.0 = Release|Any CPU
		{043211F7-C5AC-4A2D-B947-0BAB1C83186B}.Release|x86.ActiveCfg = Release|Any CPU
		{043211F7-C5AC-4A2D-B947-0BAB1C83186B}.Release|x86.Build.0 = Release|Any CPU
		{477E1132-6D95-4520-A7C1-ADD68319608B}.Debug|Any CPU.ActiveCfg = Debug|Any CPU
		{477E1132-6D95-4520-A7C1-ADD68319608B}.Debug|Any CPU.Build.0 = Debug|Any CPU
		{477E1132-6D95-4520-A7C1-ADD68319608B}.Debug|x64.ActiveCfg = Debug|Any CPU
		{477E1132-6D95-4520-A7C1-ADD68319608B}.Debug|x64.Build.0 = Debug|Any CPU
		{477E1132-6D95-4520-A7C1-ADD68319608B}.Debug|x86.ActiveCfg = Debug|Any CPU
		{477E1132-6D95-4520-A7C1-ADD68319608B}.Debug|x86.Build.0 = Debug|Any CPU
		{477E1132-6D95-4520-A7C1-ADD68319608B}.Release|Any CPU.ActiveCfg = Release|Any CPU
		{477E1132-6D95-4520-A7C1-ADD68319608B}.Release|Any CPU.Build.0 = Release|Any CPU
		{477E1132-6D95-4520-A7C1-ADD68319608B}.Release|x64.ActiveCfg = Release|Any CPU
		{477E1132-6D95-4520-A7C1-ADD68319608B}.Release|x64.Build.0 = Release|Any CPU
		{477E1132-6D95-4520-A7C1-ADD68319608B}.Release|x86.ActiveCfg = Release|Any CPU
		{477E1132-6D95-4520-A7C1-ADD68319608B}.Release|x86.Build.0 = Release|Any CPU
		{FD4AE777-176B-447D-9E5D-3F585150600A}.Debug|Any CPU.ActiveCfg = Debug|Any CPU
		{FD4AE777-176B-447D-9E5D-3F585150600A}.Debug|Any CPU.Build.0 = Debug|Any CPU
		{FD4AE777-176B-447D-9E5D-3F585150600A}.Debug|x64.ActiveCfg = Debug|Any CPU
		{FD4AE777-176B-447D-9E5D-3F585150600A}.Debug|x64.Build.0 = Debug|Any CPU
		{FD4AE777-176B-447D-9E5D-3F585150600A}.Debug|x86.ActiveCfg = Debug|Any CPU
		{FD4AE777-176B-447D-9E5D-3F585150600A}.Debug|x86.Build.0 = Debug|Any CPU
		{FD4AE777-176B-447D-9E5D-3F585150600A}.Release|Any CPU.ActiveCfg = Release|Any CPU
		{FD4AE777-176B-447D-9E5D-3F585150600A}.Release|Any CPU.Build.0 = Release|Any CPU
		{FD4AE777-176B-447D-9E5D-3F585150600A}.Release|x64.ActiveCfg = Release|Any CPU
		{FD4AE777-176B-447D-9E5D-3F585150600A}.Release|x64.Build.0 = Release|Any CPU
		{FD4AE777-176B-447D-9E5D-3F585150600A}.Release|x86.ActiveCfg = Release|Any CPU
		{FD4AE777-176B-447D-9E5D-3F585150600A}.Release|x86.Build.0 = Release|Any CPU
		{50D2249F-0E4B-4E92-B100-243D654FED88}.Debug|Any CPU.ActiveCfg = Debug|Any CPU
		{50D2249F-0E4B-4E92-B100-243D654FED88}.Debug|Any CPU.Build.0 = Debug|Any CPU
		{50D2249F-0E4B-4E92-B100-243D654FED88}.Debug|x64.ActiveCfg = Debug|Any CPU
		{50D2249F-0E4B-4E92-B100-243D654FED88}.Debug|x64.Build.0 = Debug|Any CPU
		{50D2249F-0E4B-4E92-B100-243D654FED88}.Debug|x86.ActiveCfg = Debug|Any CPU
		{50D2249F-0E4B-4E92-B100-243D654FED88}.Debug|x86.Build.0 = Debug|Any CPU
		{50D2249F-0E4B-4E92-B100-243D654FED88}.Release|Any CPU.ActiveCfg = Release|Any CPU
		{50D2249F-0E4B-4E92-B100-243D654FED88}.Release|Any CPU.Build.0 = Release|Any CPU
		{50D2249F-0E4B-4E92-B100-243D654FED88}.Release|x64.ActiveCfg = Release|Any CPU
		{50D2249F-0E4B-4E92-B100-243D654FED88}.Release|x64.Build.0 = Release|Any CPU
		{50D2249F-0E4B-4E92-B100-243D654FED88}.Release|x86.ActiveCfg = Release|Any CPU
		{50D2249F-0E4B-4E92-B100-243D654FED88}.Release|x86.Build.0 = Release|Any CPU
		{521585B5-AE82-4646-8F08-E7A86890891E}.Debug|Any CPU.ActiveCfg = Debug|Any CPU
		{521585B5-AE82-4646-8F08-E7A86890891E}.Debug|Any CPU.Build.0 = Debug|Any CPU
		{521585B5-AE82-4646-8F08-E7A86890891E}.Debug|x64.ActiveCfg = Debug|Any CPU
		{521585B5-AE82-4646-8F08-E7A86890891E}.Debug|x64.Build.0 = Debug|Any CPU
		{521585B5-AE82-4646-8F08-E7A86890891E}.Debug|x86.ActiveCfg = Debug|Any CPU
		{521585B5-AE82-4646-8F08-E7A86890891E}.Debug|x86.Build.0 = Debug|Any CPU
		{521585B5-AE82-4646-8F08-E7A86890891E}.Release|Any CPU.ActiveCfg = Release|Any CPU
		{521585B5-AE82-4646-8F08-E7A86890891E}.Release|Any CPU.Build.0 = Release|Any CPU
		{521585B5-AE82-4646-8F08-E7A86890891E}.Release|x64.ActiveCfg = Release|Any CPU
		{521585B5-AE82-4646-8F08-E7A86890891E}.Release|x64.Build.0 = Release|Any CPU
		{521585B5-AE82-4646-8F08-E7A86890891E}.Release|x86.ActiveCfg = Release|Any CPU
		{521585B5-AE82-4646-8F08-E7A86890891E}.Release|x86.Build.0 = Release|Any CPU
		{4F3F78BA-D8C5-4D9B-A665-400D2D15D948}.Debug|Any CPU.ActiveCfg = Debug|Any CPU
		{4F3F78BA-D8C5-4D9B-A665-400D2D15D948}.Debug|Any CPU.Build.0 = Debug|Any CPU
		{4F3F78BA-D8C5-4D9B-A665-400D2D15D948}.Debug|x64.ActiveCfg = Debug|Any CPU
		{4F3F78BA-D8C5-4D9B-A665-400D2D15D948}.Debug|x64.Build.0 = Debug|Any CPU
		{4F3F78BA-D8C5-4D9B-A665-400D2D15D948}.Debug|x86.ActiveCfg = Debug|Any CPU
		{4F3F78BA-D8C5-4D9B-A665-400D2D15D948}.Debug|x86.Build.0 = Debug|Any CPU
		{4F3F78BA-D8C5-4D9B-A665-400D2D15D948}.Release|Any CPU.ActiveCfg = Release|Any CPU
		{4F3F78BA-D8C5-4D9B-A665-400D2D15D948}.Release|Any CPU.Build.0 = Release|Any CPU
		{4F3F78BA-D8C5-4D9B-A665-400D2D15D948}.Release|x64.ActiveCfg = Release|Any CPU
		{4F3F78BA-D8C5-4D9B-A665-400D2D15D948}.Release|x64.Build.0 = Release|Any CPU
		{4F3F78BA-D8C5-4D9B-A665-400D2D15D948}.Release|x86.ActiveCfg = Release|Any CPU
		{4F3F78BA-D8C5-4D9B-A665-400D2D15D948}.Release|x86.Build.0 = Release|Any CPU
	EndGlobalSection
	GlobalSection(SolutionProperties) = preSolution
		HideSolutionNode = FALSE
	EndGlobalSection
	GlobalSection(NestedProjects) = preSolution
		{EC447DCF-ABFA-6E24-52A5-D7FD48A5C558} = {827E0CD3-B72D-47B6-A68D-7590B98EB39B}
		{F271B457-98F3-2FE1-5FD9-17608875B678} = {EC447DCF-ABFA-6E24-52A5-D7FD48A5C558}
		{04FF3B72-5401-4F56-A006-2C8ABCD6B3EF} = {F271B457-98F3-2FE1-5FD9-17608875B678}
		{0EC62A1A-9858-3A60-8A0C-FC9AACFA2EC7} = {EC447DCF-ABFA-6E24-52A5-D7FD48A5C558}
		{5A4F52BA-6099-446D-97AF-26E367006171} = {0EC62A1A-9858-3A60-8A0C-FC9AACFA2EC7}
		{5E5414C4-745C-10B3-C49B-D38F53A77034} = {EC447DCF-ABFA-6E24-52A5-D7FD48A5C558}
		{3E051D39-34FC-4A31-927A-AD65B36969AC} = {5E5414C4-745C-10B3-C49B-D38F53A77034}
		{85F909CB-8F14-ECC8-BA9D-713D1771907F} = {827E0CD3-B72D-47B6-A68D-7590B98EB39B}
		{CB6B29EA-73BD-4746-91DA-2C509CC15623} = {85F909CB-8F14-ECC8-BA9D-713D1771907F}
		{DE9DAF8A-E684-0FD3-FFDC-40D3E3158533} = {EC447DCF-ABFA-6E24-52A5-D7FD48A5C558}
		{6D3AAD63-6CCD-4F5A-BD42-104AD7FABC5E} = {DE9DAF8A-E684-0FD3-FFDC-40D3E3158533}
		{FCB9FF62-02B4-4A74-981C-947F4706B4E4} = {F271B457-98F3-2FE1-5FD9-17608875B678}
		{0A1E355E-8DE1-55AE-0C5D-3DFF356D87F7} = {EC447DCF-ABFA-6E24-52A5-D7FD48A5C558}
		{D606FE58-4330-4446-A6D6-DC4F76E7E145} = {0A1E355E-8DE1-55AE-0C5D-3DFF356D87F7}
		{9A7A7B35-1930-94AB-6B80-4A89F89E5FE9} = {EC447DCF-ABFA-6E24-52A5-D7FD48A5C558}
		{CDE27BFB-47A3-4288-833C-C39027F215D4} = {9A7A7B35-1930-94AB-6B80-4A89F89E5FE9}
		{49ED1F4F-4257-7E82-63BF-E43B0BA50696} = {EC447DCF-ABFA-6E24-52A5-D7FD48A5C558}
		{8B5F58E6-7A88-4C72-A992-1B1C0B2F2774} = {49ED1F4F-4257-7E82-63BF-E43B0BA50696}
		{7D3A1B2C-4E5F-6A7B-8C9D-0E1F2A3B4C5D} = {EC447DCF-ABFA-6E24-52A5-D7FD48A5C558}
		{C121CD72-79C4-476B-8E13-F5DB5F1EBCD3} = {7D3A1B2C-4E5F-6A7B-8C9D-0E1F2A3B4C5D}
		{ED885574-B882-41FF-8B07-6E1E691AB988} = {7D3A1B2C-4E5F-6A7B-8C9D-0E1F2A3B4C5D}
		{EE9E95DA-9720-46E0-A943-5CC365714625} = {0AB3BF05-4346-4AA6-1389-037BE0695223}
		{80D0C150-13D7-E2FF-A67E-20E72DA0542D} = {EC447DCF-ABFA-6E24-52A5-D7FD48A5C558}
		{6B9AF79C-EC76-444B-AA52-0F0FE5F461DA} = {80D0C150-13D7-E2FF-A67E-20E72DA0542D}
		{60E86E71-C0FB-EB8C-7761-71EDD8B40B3C} = {EC447DCF-ABFA-6E24-52A5-D7FD48A5C558}
		{043211F7-C5AC-4A2D-B947-0BAB1C83186B} = {60E86E71-C0FB-EB8C-7761-71EDD8B40B3C}
		{D2F8383C-F49B-E551-32D9-8814458A6CFF} = {EC447DCF-ABFA-6E24-52A5-D7FD48A5C558}
		{477E1132-6D95-4520-A7C1-ADD68319608B} = {D2F8383C-F49B-E551-32D9-8814458A6CFF}
		{FD4AE777-176B-447D-9E5D-3F585150600A} = {0AB3BF05-4346-4AA6-1389-037BE0695223}
		{50D2249F-0E4B-4E92-B100-243D654FED88} = {0A1E355E-8DE1-55AE-0C5D-3DFF356D87F7}
		{BD6C7A98-9A45-3243-5CDB-BFD3A8B8727D} = {CA253913-39DE-BFD0-C9A3-4B7EC6FBDF17}
		{521585B5-AE82-4646-8F08-E7A86890891E} = {BD6C7A98-9A45-3243-5CDB-BFD3A8B8727D}
		{4F3F78BA-D8C5-4D9B-A665-400D2D15D948} = {BD6C7A98-9A45-3243-5CDB-BFD3A8B8727D}
	EndGlobalSection
EndGlobal
